// !$*UTF8*$!
{
	archiveVersion = 1;
	classes = {
	};
	objectVersion = 50;
	objects = {

/* Begin PBXBuildFile section */
		A919CE1C21C4EF7F002A8C85 /* tac_services_configurations.plist in Resources */ = {isa = PBXBuildFile; fileRef = A919CE1B21C4EF7F002A8C85 /* tac_services_configurations.plist */; };
		A9BA6FA821AEB78300058B9A /* AppDelegate.swift in Sources */ = {isa = PBXBuildFile; fileRef = A9BA6FA721AEB78300058B9A /* AppDelegate.swift */; };
		A9BA6FAA21AEB78300058B9A /* ViewController.swift in Sources */ = {isa = PBXBuildFile; fileRef = A9BA6FA921AEB78300058B9A /* ViewController.swift */; };
		A9BA6FAD21AEB78300058B9A /* Main.storyboard in Resources */ = {isa = PBXBuildFile; fileRef = A9BA6FAB21AEB78300058B9A /* Main.storyboard */; };
		A9BA6FB021AEB78300058B9A /* Aphrodite.xcdatamodeld in Sources */ = {isa = PBXBuildFile; fileRef = A9BA6FAE21AEB78300058B9A /* Aphrodite.xcdatamodeld */; };
		A9BA6FB221AEB78500058B9A /* Assets.xcassets in Resources */ = {isa = PBXBuildFile; fileRef = A9BA6FB121AEB78500058B9A /* Assets.xcassets */; };
		A9BA6FB521AEB78500058B9A /* LaunchScreen.storyboard in Resources */ = {isa = PBXBuildFile; fileRef = A9BA6FB321AEB78500058B9A /* LaunchScreen.storyboard */; };
		ACA2ACE22AC29E0ADAB815AC /* Pods_Aphrodite.framework in Frameworks */ = {isa = PBXBuildFile; fileRef = 06E0FEBE29869D0639BD3DCD /* Pods_Aphrodite.framework */; };
/* End PBXBuildFile section */

/* Begin PBXFileReference section */
		06E0FEBE29869D0639BD3DCD /* Pods_Aphrodite.framework */ = {isa = PBXFileReference; explicitFileType = wrapper.framework; includeInIndex = 0; path = Pods_Aphrodite.framework; sourceTree = BUILT_PRODUCTS_DIR; };
		439807319E496ACFFE61925B /* Pods-Aphrodite.release.xcconfig */ = {isa = PBXFileReference; includeInIndex = 1; lastKnownFileType = text.xcconfig; name = "Pods-Aphrodite.release.xcconfig"; path = "Pods/Target Support Files/Pods-Aphrodite/Pods-Aphrodite.release.xcconfig"; sourceTree = "<group>"; };
		A4E1565915F6B47368D046CA /* Pods-Aphrodite.debug.xcconfig */ = {isa = PBXFileReference; includeInIndex = 1; lastKnownFileType = text.xcconfig; name = "Pods-Aphrodite.debug.xcconfig"; path = "Pods/Target Support Files/Pods-Aphrodite/Pods-Aphrodite.debug.xcconfig"; sourceTree = "<group>"; };
		A919CE1B21C4EF7F002A8C85 /* tac_services_configurations.plist */ = {isa = PBXFileReference; fileEncoding = 4; lastKnownFileType = text.plist.xml; path = tac_services_configurations.plist; sourceTree = "<group>"; };
		A9BA6FA421AEB78300058B9A /* Aphrodite.app */ = {isa = PBXFileReference; explicitFileType = wrapper.application; includeInIndex = 0; path = Aphrodite.app; sourceTree = BUILT_PRODUCTS_DIR; };
		A9BA6FA721AEB78300058B9A /* AppDelegate.swift */ = {isa = PBXFileReference; lastKnownFileType = sourcecode.swift; path = AppDelegate.swift; sourceTree = "<group>"; };
		A9BA6FA921AEB78300058B9A /* ViewController.swift */ = {isa = PBXFileReference; lastKnownFileType = sourcecode.swift; path = ViewController.swift; sourceTree = "<group>"; };
		A9BA6FAC21AEB78300058B9A /* Base */ = {isa = PBXFileReference; lastKnownFileType = file.storyboard; name = Base; path = Base.lproj/Main.storyboard; sourceTree = "<group>"; };
		A9BA6FAF21AEB78300058B9A /* Aphrodite.xcdatamodel */ = {isa = PBXFileReference; lastKnownFileType = wrapper.xcdatamodel; path = Aphrodite.xcdatamodel; sourceTree = "<group>"; };
		A9BA6FB121AEB78500058B9A /* Assets.xcassets */ = {isa = PBXFileReference; lastKnownFileType = folder.assetcatalog; path = Assets.xcassets; sourceTree = "<group>"; };
		A9BA6FB421AEB78500058B9A /* Base */ = {isa = PBXFileReference; lastKnownFileType = file.storyboard; name = Base; path = Base.lproj/LaunchScreen.storyboard; sourceTree = "<group>"; };
		A9BA6FB621AEB78500058B9A /* Info.plist */ = {isa = PBXFileReference; lastKnownFileType = text.plist.xml; path = Info.plist; sourceTree = "<group>"; };
/* End PBXFileReference section */

/* Begin PBXFrameworksBuildPhase section */
		A9BA6FA121AEB78200058B9A /* Frameworks */ = {
			isa = PBXFrameworksBuildPhase;
			buildActionMask = 2147483647;
			files = (
				ACA2ACE22AC29E0ADAB815AC /* Pods_Aphrodite.framework in Frameworks */,
			);
			runOnlyForDeploymentPostprocessing = 0;
		};
/* End PBXFrameworksBuildPhase section */

/* Begin PBXGroup section */
		28403BC489D5B8D2979E2A59 /* Frameworks */ = {
			isa = PBXGroup;
			children = (
				06E0FEBE29869D0639BD3DCD /* Pods_Aphrodite.framework */,
			);
			name = Frameworks;
			sourceTree = "<group>";
		};
		6DCCA1A6800D698BB4E8F026 /* Pods */ = {
			isa = PBXGroup;
			children = (
				A4E1565915F6B47368D046CA /* Pods-Aphrodite.debug.xcconfig */,
				439807319E496ACFFE61925B /* Pods-Aphrodite.release.xcconfig */,
			);
			name = Pods;
			sourceTree = "<group>";
		};
		A9BA6F9B21AEB78200058B9A = {
			isa = PBXGroup;
			children = (
				A9BA6FA621AEB78300058B9A /* Aphrodite */,
				A9BA6FA521AEB78300058B9A /* Products */,
				6DCCA1A6800D698BB4E8F026 /* Pods */,
				28403BC489D5B8D2979E2A59 /* Frameworks */,
			);
			sourceTree = "<group>";
		};
		A9BA6FA521AEB78300058B9A /* Products */ = {
			isa = PBXGroup;
			children = (
				A9BA6FA421AEB78300058B9A /* Aphrodite.app */,
			);
			name = Products;
			sourceTree = "<group>";
		};
		A9BA6FA621AEB78300058B9A /* Aphrodite */ = {
			isa = PBXGroup;
			children = (
				A9BA6FA721AEB78300058B9A /* AppDelegate.swift */,
				A9BA6FA921AEB78300058B9A /* ViewController.swift */,
				A9BA6FAB21AEB78300058B9A /* Main.storyboard */,
				A9BA6FB121AEB78500058B9A /* Assets.xcassets */,
				A9BA6FB321AEB78500058B9A /* LaunchScreen.storyboard */,
				A9BA6FB621AEB78500058B9A /* Info.plist */,
				A919CE1B21C4EF7F002A8C85 /* tac_services_configurations.plist */,
				A9BA6FAE21AEB78300058B9A /* Aphrodite.xcdatamodeld */,
			);
			path = Aphrodite;
			sourceTree = "<group>";
		};
/* End PBXGroup section */

/* Begin PBXNativeTarget section */
		A9BA6FA321AEB78200058B9A /* Aphrodite */ = {
			isa = PBXNativeTarget;
			buildConfigurationList = A9BA6FB921AEB78500058B9A /* Build configuration list for PBXNativeTarget "Aphrodite" */;
			buildPhases = (
				E4AF946685600F3646CC56F2 /* [CP] Check Pods Manifest.lock */,
				A919CE1D21C4F020002A8C85 /* TAC Run Before */,
				A9BA6FA021AEB78200058B9A /* Sources */,
				A9BA6FA121AEB78200058B9A /* Frameworks */,
				A9BA6FA221AEB78200058B9A /* Resources */,
				A919CE1E21C4F091002A8C85 /* TAC Run After */,
			);
			buildRules = (
			);
			dependencies = (
			);
			name = Aphrodite;
			productName = Aphrodite;
			productReference = A9BA6FA421AEB78300058B9A /* Aphrodite.app */;
			productType = "com.apple.product-type.application";
		};
/* End PBXNativeTarget section */

/* Begin PBXProject section */
		A9BA6F9C21AEB78200058B9A /* Project object */ = {
			isa = PBXProject;
			attributes = {
				LastSwiftUpdateCheck = 1000;
				LastUpgradeCheck = 1000;
				ORGANIZATIONNAME = JK;
				TargetAttributes = {
					A9BA6FA321AEB78200058B9A = {
						CreatedOnToolsVersion = 10.0;
					};
				};
			};
			buildConfigurationList = A9BA6F9F21AEB78200058B9A /* Build configuration list for PBXProject "Aphrodite" */;
			compatibilityVersion = "Xcode 9.3";
			developmentRegion = en;
			hasScannedForEncodings = 0;
			knownRegions = (
				en,
				Base,
			);
			mainGroup = A9BA6F9B21AEB78200058B9A;
			productRefGroup = A9BA6FA521AEB78300058B9A /* Products */;
			projectDirPath = "";
			projectRoot = "";
			targets = (
				A9BA6FA321AEB78200058B9A /* Aphrodite */,
			);
		};
/* End PBXProject section */

/* Begin PBXResourcesBuildPhase section */
		A9BA6FA221AEB78200058B9A /* Resources */ = {
			isa = PBXResourcesBuildPhase;
			buildActionMask = 2147483647;
			files = (
				A919CE1C21C4EF7F002A8C85 /* tac_services_configurations.plist in Resources */,
				A9BA6FB521AEB78500058B9A /* LaunchScreen.storyboard in Resources */,
				A9BA6FB221AEB78500058B9A /* Assets.xcassets in Resources */,
				A9BA6FAD21AEB78300058B9A /* Main.storyboard in Resources */,
			);
			runOnlyForDeploymentPostprocessing = 0;
		};
/* End PBXResourcesBuildPhase section */

/* Begin PBXShellScriptBuildPhase section */
		A919CE1D21C4F020002A8C85 /* TAC Run Before */ = {
			isa = PBXShellScriptBuildPhase;
			buildActionMask = 2147483647;
			files = (
			);
			inputFileListPaths = (
			);
			inputPaths = (
			);
			name = "TAC Run Before";
			outputFileListPaths = (
			);
			outputPaths = (
			);
			runOnlyForDeploymentPostprocessing = 0;
			shellPath = /bin/sh;
			shellScript = "# Type a script or drag a script file from your workspace to insert its path.\n${PODS_ROOT}/TACCore/Scripts/tac.run.all.before.sh\n";
		};
		A919CE1E21C4F091002A8C85 /* TAC Run After */ = {
			isa = PBXShellScriptBuildPhase;
			buildActionMask = 2147483647;
			files = (
			);
			inputFileListPaths = (
			);
			inputPaths = (
			);
			name = "TAC Run After";
			outputFileListPaths = (
			);
			outputPaths = (
			);
			runOnlyForDeploymentPostprocessing = 0;
			shellPath = /bin/sh;
			shellScript = "# Type a script or drag a script file from your workspace to insert its path.\n${PODS_ROOT}/TACCore/Scripts/tac.run.all.after.sh\n";
		};
		E4AF946685600F3646CC56F2 /* [CP] Check Pods Manifest.lock */ = {
			isa = PBXShellScriptBuildPhase;
			buildActionMask = 2147483647;
			files = (
			);
			inputFileListPaths = (
			);
			inputPaths = (
				"${PODS_PODFILE_DIR_PATH}/Podfile.lock",
				"${PODS_ROOT}/Manifest.lock",
			);
			name = "[CP] Check Pods Manifest.lock";
			outputFileListPaths = (
			);
			outputPaths = (
				"$(DERIVED_FILE_DIR)/Pods-Aphrodite-checkManifestLockResult.txt",
			);
			runOnlyForDeploymentPostprocessing = 0;
			shellPath = /bin/sh;
			shellScript = "diff \"${PODS_PODFILE_DIR_PATH}/Podfile.lock\" \"${PODS_ROOT}/Manifest.lock\" > /dev/null\nif [ $? != 0 ] ; then\n    # print error to STDERR\n    echo \"error: The sandbox is not in sync with the Podfile.lock. Run 'pod install' or update your CocoaPods installation.\" >&2\n    exit 1\nfi\n# This output is used by Xcode 'outputs' to avoid re-running this script phase.\necho \"SUCCESS\" > \"${SCRIPT_OUTPUT_FILE_0}\"\n";
			showEnvVarsInLog = 0;
		};
/* End PBXShellScriptBuildPhase section */

/* Begin PBXSourcesBuildPhase section */
		A9BA6FA021AEB78200058B9A /* Sources */ = {
			isa = PBXSourcesBuildPhase;
			buildActionMask = 2147483647;
			files = (
				A9BA6FAA21AEB78300058B9A /* ViewController.swift in Sources */,
				A9BA6FB021AEB78300058B9A /* Aphrodite.xcdatamodeld in Sources */,
				A9BA6FA821AEB78300058B9A /* AppDelegate.swift in Sources */,
			);
			runOnlyForDeploymentPostprocessing = 0;
		};
/* End PBXSourcesBuildPhase section */

/* Begin PBXVariantGroup section */
		A9BA6FAB21AEB78300058B9A /* Main.storyboard */ = {
			isa = PBXVariantGroup;
			children = (
				A9BA6FAC21AEB78300058B9A /* Base */,
			);
			name = Main.storyboard;
			sourceTree = "<group>";
		};
		A9BA6FB321AEB78500058B9A /* LaunchScreen.storyboard */ = {
			isa = PBXVariantGroup;
			children = (
				A9BA6FB421AEB78500058B9A /* Base */,
			);
			name = LaunchScreen.storyboard;
			sourceTree = "<group>";
		};
/* End PBXVariantGroup section */

/* Begin XCBuildConfiguration section */
		A9BA6FB721AEB78500058B9A /* Debug */ = {
			isa = XCBuildConfiguration;
			buildSettings = {
				ALWAYS_SEARCH_USER_PATHS = NO;
				CLANG_ANALYZER_NONNULL = YES;
				CLANG_ANALYZER_NUMBER_OBJECT_CONVERSION = YES_AGGRESSIVE;
				CLANG_CXX_LANGUAGE_STANDARD = "gnu++14";
				CLANG_CXX_LIBRARY = "libc++";
				CLANG_ENABLE_MODULES = YES;
				CLANG_ENABLE_OBJC_ARC = YES;
				CLANG_ENABLE_OBJC_WEAK = YES;
				CLANG_WARN_BLOCK_CAPTURE_AUTORELEASING = YES;
				CLANG_WARN_BOOL_CONVERSION = YES;
				CLANG_WARN_COMMA = YES;
				CLANG_WARN_CONSTANT_CONVERSION = YES;
				CLANG_WARN_DEPRECATED_OBJC_IMPLEMENTATIONS = YES;
				CLANG_WARN_DIRECT_OBJC_ISA_USAGE = YES_ERROR;
				CLANG_WARN_DOCUMENTATION_COMMENTS = YES;
				CLANG_WARN_EMPTY_BODY = YES;
				CLANG_WARN_ENUM_CONVERSION = YES;
				CLANG_WARN_INFINITE_RECURSION = YES;
				CLANG_WARN_INT_CONVERSION = YES;
				CLANG_WARN_NON_LITERAL_NULL_CONVERSION = YES;
				CLANG_WARN_OBJC_IMPLICIT_RETAIN_SELF = YES;
				CLANG_WARN_OBJC_LITERAL_CONVERSION = YES;
				CLANG_WARN_OBJC_ROOT_CLASS = YES_ERROR;
				CLANG_WARN_RANGE_LOOP_ANALYSIS = YES;
				CLANG_WARN_STRICT_PROTOTYPES = YES;
				CLANG_WARN_SUSPICIOUS_MOVE = YES;
				CLANG_WARN_UNGUARDED_AVAILABILITY = YES_AGGRESSIVE;
				CLANG_WARN_UNREACHABLE_CODE = YES;
				CLANG_WARN__DUPLICATE_METHOD_MATCH = YES;
				CODE_SIGN_IDENTITY = "iPhone Developer";
				COPY_PHASE_STRIP = NO;
				DEBUG_INFORMATION_FORMAT = dwarf;
				ENABLE_STRICT_OBJC_MSGSEND = YES;
				ENABLE_TESTABILITY = YES;
				GCC_C_LANGUAGE_STANDARD = gnu11;
				GCC_DYNAMIC_NO_PIC = NO;
				GCC_NO_COMMON_BLOCKS = YES;
				GCC_OPTIMIZATION_LEVEL = 0;
				GCC_PREPROCESSOR_DEFINITIONS = (
					"DEBUG=1",
					"$(inherited)",
				);
				GCC_WARN_64_TO_32_BIT_CONVERSION = YES;
				GCC_WARN_ABOUT_RETURN_TYPE = YES_ERROR;
				GCC_WARN_UNDECLARED_SELECTOR = YES;
				GCC_WARN_UNINITIALIZED_AUTOS = YES_AGGRESSIVE;
				GCC_WARN_UNUSED_FUNCTION = YES;
				GCC_WARN_UNUSED_VARIABLE = YES;
				IPHONEOS_DEPLOYMENT_TARGET = 12.0;
				MTL_ENABLE_DEBUG_INFO = INCLUDE_SOURCE;
				MTL_FAST_MATH = YES;
				ONLY_ACTIVE_ARCH = YES;
				SDKROOT = iphoneos;
				SWIFT_ACTIVE_COMPILATION_CONDITIONS = DEBUG;
				SWIFT_OPTIMIZATION_LEVEL = "-Onone";
			};
			name = Debug;
		};
		A9BA6FB821AEB78500058B9A /* Release */ = {
			isa = XCBuildConfiguration;
			buildSettings = {
				ALWAYS_SEARCH_USER_PATHS = NO;
				CLANG_ANALYZER_NONNULL = YES;
				CLANG_ANALYZER_NUMBER_OBJECT_CONVERSION = YES_AGGRESSIVE;
				CLANG_CXX_LANGUAGE_STANDARD = "gnu++14";
				CLANG_CXX_LIBRARY = "libc++";
				CLANG_ENABLE_MODULES = YES;
				CLANG_ENABLE_OBJC_ARC = YES;
				CLANG_ENABLE_OBJC_WEAK = YES;
				CLANG_WARN_BLOCK_CAPTURE_AUTORELEASING = YES;
				CLANG_WARN_BOOL_CONVERSION = YES;
				CLANG_WARN_COMMA = YES;
				CLANG_WARN_CONSTANT_CONVERSION = YES;
				CLANG_WARN_DEPRECATED_OBJC_IMPLEMENTATIONS = YES;
				CLANG_WARN_DIRECT_OBJC_ISA_USAGE = YES_ERROR;
				CLANG_WARN_DOCUMENTATION_COMMENTS = YES;
				CLANG_WARN_EMPTY_BODY = YES;
				CLANG_WARN_ENUM_CONVERSION = YES;
				CLANG_WARN_INFINITE_RECURSION = YES;
				CLANG_WARN_INT_CONVERSION = YES;
				CLANG_WARN_NON_LITERAL_NULL_CONVERSION = YES;
				CLANG_WARN_OBJC_IMPLICIT_RETAIN_SELF = YES;
				CLANG_WARN_OBJC_LITERAL_CONVERSION = YES;
				CLANG_WARN_OBJC_ROOT_CLASS = YES_ERROR;
				CLANG_WARN_RANGE_LOOP_ANALYSIS = YES;
				CLANG_WARN_STRICT_PROTOTYPES = YES;
				CLANG_WARN_SUSPICIOUS_MOVE = YES;
				CLANG_WARN_UNGUARDED_AVAILABILITY = YES_AGGRESSIVE;
				CLANG_WARN_UNREACHABLE_CODE = YES;
				CLANG_WARN__DUPLICATE_METHOD_MATCH = YES;
				CODE_SIGN_IDENTITY = "iPhone Developer";
				COPY_PHASE_STRIP = NO;
				DEBUG_INFORMATION_FORMAT = "dwarf-with-dsym";
				ENABLE_NS_ASSERTIONS = NO;
				ENABLE_STRICT_OBJC_MSGSEND = YES;
				GCC_C_LANGUAGE_STANDARD = gnu11;
				GCC_NO_COMMON_BLOCKS = YES;
				GCC_WARN_64_TO_32_BIT_CONVERSION = YES;
				GCC_WARN_ABOUT_RETURN_TYPE = YES_ERROR;
				GCC_WARN_UNDECLARED_SELECTOR = YES;
				GCC_WARN_UNINITIALIZED_AUTOS = YES_AGGRESSIVE;
				GCC_WARN_UNUSED_FUNCTION = YES;
				GCC_WARN_UNUSED_VARIABLE = YES;
				IPHONEOS_DEPLOYMENT_TARGET = 12.0;
				MTL_ENABLE_DEBUG_INFO = NO;
				MTL_FAST_MATH = YES;
				SDKROOT = iphoneos;
				SWIFT_COMPILATION_MODE = wholemodule;
				SWIFT_OPTIMIZATION_LEVEL = "-O";
				VALIDATE_PRODUCT = YES;
			};
			name = Release;
		};
		A9BA6FBA21AEB78500058B9A /* Debug */ = {
			isa = XCBuildConfiguration;
			baseConfigurationReference = A4E1565915F6B47368D046CA /* Pods-Aphrodite.debug.xcconfig */;
			buildSettings = {
				ASSETCATALOG_COMPILER_APPICON_NAME = AppIcon;
				CODE_SIGN_STYLE = Automatic;
				DEVELOPMENT_TEAM = FZL5YG4MY9;
				INFOPLIST_FILE = Aphrodite/Info.plist;
				LD_RUNPATH_SEARCH_PATHS = (
					"$(inherited)",
					"@executable_path/Frameworks",
				);
				PRODUCT_BUNDLE_IDENTIFIER = "JK-Studio.Aphrodite";
				PRODUCT_NAME = "$(TARGET_NAME)";
				SWIFT_VERSION = 4.2;
				TARGETED_DEVICE_FAMILY = "1,2";
			};
			name = Debug;
		};
		A9BA6FBB21AEB78500058B9A /* Release */ = {
			isa = XCBuildConfiguration;
			baseConfigurationReference = 439807319E496ACFFE61925B /* Pods-Aphrodite.release.xcconfig */;
			buildSettings = {
				ASSETCATALOG_COMPILER_APPICON_NAME = AppIcon;
				CODE_SIGN_STYLE = Automatic;
				DEVELOPMENT_TEAM = FZL5YG4MY9;
				INFOPLIST_FILE = Aphrodite/Info.plist;
				LD_RUNPATH_SEARCH_PATHS = (
					"$(inherited)",
					"@executable_path/Frameworks",
				);
				PRODUCT_BUNDLE_IDENTIFIER = "JK-Studio.Aphrodite";
				PRODUCT_NAME = "$(TARGET_NAME)";
				SWIFT_VERSION = 4.2;
				TARGETED_DEVICE_FAMILY = "1,2";
			};
			name = Release;
		};
/* End XCBuildConfiguration section */

/* Begin XCConfigurationList section */
		A9BA6F9F21AEB78200058B9A /* Build configuration list for PBXProject "Aphrodite" */ = {
			isa = XCConfigurationList;
			buildConfigurations = (
				A9BA6FB721AEB78500058B9A /* Debug */,
				A9BA6FB821AEB78500058B9A /* Release */,
			);
			defaultConfigurationIsVisible = 0;
			defaultConfigurationName = Release;
		};
		A9BA6FB921AEB78500058B9A /* Build configuration list for PBXNativeTarget "Aphrodite" */ = {
			isa = XCConfigurationList;
			buildConfigurations = (
				A9BA6FBA21AEB78500058B9A /* Debug */,
				A9BA6FBB21AEB78500058B9A /* Release */,
			);
			defaultConfigurationIsVisible = 0;
			defaultConfigurationName = Release;
		};
/* End XCConfigurationList section */

/* Begin XCVersionGroup section */
		A9BA6FAE21AEB78300058B9A /* Aphrodite.xcdatamodeld */ = {
			isa = XCVersionGroup;
			children = (
				A9BA6FAF21AEB78300058B9A /* Aphrodite.xcdatamodel */,
			);
			currentVersion = A9BA6FAF21AEB78300058B9A /* Aphrodite.xcdatamodel */;
			path = Aphrodite.xcdatamodeld;
			sourceTree = "<group>";
			versionGroupType = wrapper.xcdatamodel;
		};
/* End XCVersionGroup section */
	};
	rootObject = A9BA6F9C21AEB78200058B9A /* Project object */;
}
